<?xml version="1.0" encoding="utf-8"?>
<Project ToolsVersion="4.0" xmlns="http://schemas.microsoft.com/developer/msbuild/2003">
  <ItemGroup>
    <Filter Include="源文件">
      <UniqueIdentifier>{4FC737F1-C7A5-4376-A066-2A32D752A2FF}</UniqueIdentifier>
      <Extensions>cpp;c;cc;cxx;def;odl;idl;hpj;bat;asm;asmx</Extensions>
    </Filter>
    <Filter Include="头文件">
      <UniqueIdentifier>{93995380-89BD-4b04-88EB-625FBE52EBFB}</UniqueIdentifier>
      <Extensions>h;hh;hpp;hxx;hm;inl;inc;xsd</Extensions>
    </Filter>
    <Filter Include="资源文件">
      <UniqueIdentifier>{67DA6AB6-F800-4c08-8B7A-83BB121AAD01}</UniqueIdentifier>
      <Extensions>rc;ico;cur;bmp;dlg;rc2;rct;bin;rgs;gif;jpg;jpeg;jpe;resx;tiff;tif;png;wav;mfcribbon-ms</Extensions>
    </Filter>
  </ItemGroup>
  <ItemGroup>
    <Image Include="boy.jpg">
      <Filter>资源文件</Filter>
    </Image>
    <Image Include="imageCircle.jpg">
      <Filter>资源文件</Filter>
    </Image>
    <Image Include="imageEllipse.jpg">
      <Filter>资源文件</Filter>
    </Image>
    <Image Include="imageGray.jpg">
      <Filter>资源文件</Filter>
    </Image>
    <Image Include="imageLine.jpg">
      <Filter>资源文件</Filter>
    </Image>
    <Image Include="imageRectangle.jpg">
      <Filter>资源文件</Filter>
    </Image>
    <Image Include="imageText.jpg">
      <Filter>资源文件</Filter>
    </Image>
    <Image Include="mark.jpg">
      <Filter>资源文件</Filter>
    </Image>
    <Image Include="red_eyes.jpg">
      <Filter>资源文件</Filter>
    </Image>
    <Image Include="red_eyes2.jpg">
      <Filter>资源文件</Filter>
    </Image>
    <Image Include="book1.jpg">
      <Filter>资源文件</Filter>
    </Image>
    <Image Include="book2.jpg">
      <Filter>资源文件</Filter>
    </Image>
    <Image Include="first-image.jpg">
      <Filter>资源文件</Filter>
    </Image>
    <Image Include="times-square.jpg">
      <Filter>资源文件</Filter>
    </Image>
    <Image Include="digits-classification.jpg">
      <Filter>资源文件</Filter>
    </Image>
    <Image Include="digits.png">
      <Filter>资源文件</Filter>
    </Image>
  </ItemGroup>
  <ItemGroup>
    <Media Include="chaplin.mp4">
      <Filter>资源文件</Filter>
    </Media>
  </ItemGroup>
  <ItemGroup>
    <ClCompile Include="day1.cpp">
      <Filter>源文件</Filter>
    </ClCompile>
    <ClCompile Include="day2.cpp">
      <Filter>源文件</Filter>
    </ClCompile>
    <ClCompile Include="main.cpp">
      <Filter>源文件</Filter>
    </ClCompile>
    <ClCompile Include="redEyeRemover.cpp">
      <Filter>源文件</Filter>
    </ClCompile>
    <ClCompile Include="day3.cpp">
      <Filter>源文件</Filter>
    </ClCompile>
    <ClCompile Include="day4.cpp">
      <Filter>源文件</Filter>
    </ClCompile>
    <ClCompile Include="day5.cpp">
      <Filter>源文件</Filter>
    </ClCompile>
    <ClCompile Include="day6.cpp">
      <Filter>源文件</Filter>
    </ClCompile>
  </ItemGroup>
  <ItemGroup>
    <Xml Include="haarcascade_eye.xml">
      <Filter>资源文件</Filter>
    </Xml>
    <Xml Include="models\haarcascade_frontalface_default.xml">
      <Filter>资源文件</Filter>
    </Xml>
    <Xml Include="models\haarcascade_smile.xml">
      <Filter>资源文件</Filter>
    </Xml>
    <Xml Include="digitClassifierModel.xml">
      <Filter>资源文件</Filter>
    </Xml>
  </ItemGroup>
</Project>